# THIS IS AN AUTOGENERATED FILE. DO NOT EDIT THIS FILE DIRECTLY.
# yarn lockfile v1


"@types/node@^15.0.2":
  version "15.0.2"
  resolved "https://registry.yarnpkg.com/@types/node/-/node-15.0.2.tgz"
  integrity sha512-p68+a+KoxpoB47015IeYZYRrdqMUcpbK8re/zpFB8Ld46LHC1lPEbp3EXgkEhAYEcPvjJF6ZO+869SQ0aH1dcA==

"@types/tmi.js@^1.7.1":
  version "1.7.1"
  resolved "https://registry.yarnpkg.com/@types/tmi.js/-/tmi.js-1.7.1.tgz#d45b1eb2506fa7e0e173cd3a1317c018f9ee7d1a"
  integrity sha512-sZ/4WlCFSKIp6sPwRMpBlSvARXMaBzIQuxLQL4v+Ymga3LiH+Xw6WuPN5odkNWDmjPVoLqSwEuCCVsFjM4c7Ug==

node-fetch@^2.6.1:
  version "2.6.1"
  resolved "https://registry.yarnpkg.com/node-fetch/-/node-fetch-2.6.1.tgz"
  integrity sha512-V4aYg89jEoVRxRb2fJdAg8FHvI7cEyYdVAh94HH0UIK8oJxUfkjlDQN9RbMx+bEjP7+ggMiFRprSti032Oipxw==

tmi.js@^1.8.3:
  version "1.8.3"
  resolved "https://registry.yarnpkg.com/tmi.js/-/tmi.js-1.8.3.tgz"
  integrity sha512-1YAO3hwnkpAbUfVlpxcqOHP4Nun/+TqxWE/e/ZKMB6p40ZKczhI03oZW2Qx3pppqWjXz5kSjHdT/vTTfi2gCGQ==
  dependencies:
    node-fetch "^2.6.1"
    ws "^7.4.3"

ws@^7.4.3:
  version "7.4.5"
  resolved "https://registry.yarnpkg.com/ws/-/ws-7.4.5.tgz"
  integrity sha512-xzyu3hFvomRfXKH8vOFMU3OguG6oOvhXMo3xsGy3xWExqaM2dxBbVxuD99O7m3ZUFMvvscsZDqxfgMaRr/Nr1g==
